voidedtech.com/stock v0.0.0-20210824213509-5e85ba5681f5 h1:4iXLWTu+VTkigq+tUjSiHNxl/Kfbv9+s+cZMOZGGzQQ=
voidedtech.com/stock v0.0.0-20210824213509-5e85ba5681f5/go.mod h1:fDeTx9Bymp++UZEUI+pxljhMDzibXQvRKTcg1h+5tw4=
voidedtech.com/stock v0.0.0-20211014234009-93c0ed43354e h1:feU8+uf5lbdKC9Z4+5+x7KObXW6mjTZK+ZqnY/d6oZA=
voidedtech.com/stock v0.0.0-20211014234009-93c0ed43354e/go.mod h1:fDeTx9Bymp++UZEUI+pxljhMDzibXQvRKTcg1h+5tw4=
