github.com/enckse/basic v0.0.0-20220216153502-2a684188f230 h1:maEistD+/Mm2YF8Rx5s23/x6GuYjJYAsHJMoiYhuJos=
github.com/enckse/basic v0.0.0-20220216153502-2a684188f230/go.mod h1:3oTzcrFQZZY8pKCO66xKl3L1DchCUXbqT3cf/icUcdY=
github.com/enckse/basic v0.0.0-20220403130721-b209a1d6f340 h1:S0THEaNrBVzxWcz11cGjjUck1AMB9c76m51L8f0P+5o=
github.com/enckse/basic v0.0.0-20220403130721-b209a1d6f340/go.mod h1:3oTzcrFQZZY8pKCO66xKl3L1DchCUXbqT3cf/icUcdY=
